# This file is automatically @generated by Cargo.
# It is not intended for manual editing.
version = 4

[[package]]
name = "ahash"
version = "0.8.12"
source = "registry+https://github.com/rust-lang/crates.io-index"
checksum = "5a15f179cd60c4584b8a8c596927aadc462e27f2ca70c04e0071964a73ba7a75"
dependencies = [
 "cfg-if",
 "once_cell",
 "version_check",
 "zerocopy",
]

[[package]]
name = "allocator-api2"
version = "0.2.21"
source = "registry+https://github.com/rust-lang/crates.io-index"
checksum = "683d7910e743518b0e34f1186f92494becacb047c7b6bf616c96772180fef923"

[[package]]
name = "ark-bn254"
version = "0.6.0"
source = "registry+https://github.com/rust-lang/crates.io-index"
checksum = "6bc66f96ebe2a17a499475b4f94791d379817592ef494171586967ffdc6f95db"
dependencies = [
 "ark-ec",
 "ark-ff",
 "ark-std",
]

[[package]]
name = "ark-ec"
version = "0.6.0"
source = "registry+https://github.com/rust-lang/crates.io-index"
checksum = "8352a2b2aedf6ba2cc38f7520fc51191d518dde96175c729af19f2d059f191c4"
dependencies = [
 "ahash",
 "ark-ff",
 "ark-poly",
 "ark-serialize",
 "ark-std",
 "educe",
 "fnv",
 "hashbrown",
 "itertools",
 "num-bigint",
 "num-integer",
 "num-traits",
 "zeroize",
]

[[package]]
name = "ark-ff"
version = "0.6.0"
source = "registry+https://github.com/rust-lang/crates.io-index"
checksum = "f7a806ac6c8307b929df4645776290a50ee2aac754ad09d8bdf73391309e43af"
dependencies = [
 "ark-ff-asm",
 "ark-ff-macros",
 "ark-serialize",
 "ark-std",
 "digest",
 "educe",
 "num-bigint",
 "num-traits",
 "zeroize",
]

[[package]]
name = "ark-ff-asm"
version = "0.6.0"
source = "registry+https://github.com/rust-lang/crates.io-index"
checksum = "1479009684adc073dff49a1025d3a7065b317a9ead25aaaca38cdc70058ba8a2"
dependencies = [
 "quote",
 "syn 2.0.119",
]

[[package]]
name = "ark-ff-macros"
version = "0.6.0"
source = "registry+https://github.com/rust-lang/crates.io-index"
checksum = "4a0691ed21ef00ef89c1e9bda832eba493dda3ec2f8d892fb25b705f73f06bb8"
dependencies = [
 "num-bigint",
 "num-traits",
 "proc-macro2",
 "quote",
 "syn 2.0.119",
]

[[package]]
name = "ark-poly"
version = "0.6.0"
source = "registry+https://github.com/rust-lang/crates.io-index"
checksum = "75f55af10b672002b8d953e230282c51206842e20e5791a94432219b4201de5c"
dependencies = [
 "ahash",
 "ark-ff",
 "ark-serialize",
 "ark-std",
 "educe",
 "fnv",
 "hashbrown",
]

[[package]]
name = "ark-serialize"
version = "0.6.0"
source = "registry+https://github.com/rust-lang/crates.io-index"
checksum = "a74dd304fd536fb95d0a328e72be759209cc496a9da094c5bc56e5fea4f9e86b"
dependencies = [
 "ark-serialize-derive",
 "ark-std",
 "digest",
 "num-bigint",
]

[[package]]
name = "ark-serialize-derive"
version = "0.6.0"
source = "registry+https://github.com/rust-lang/crates.io-index"
checksum = "4f153690697a2b91e5e1251ff98411ee5371500a111a0fd317a70e588eb300f9"
dependencies = [
 "proc-macro2",
 "quote",
 "syn 2.0.119",
]

[[package]]
name = "ark-std"
version = "0.6.0"
source = "registry+https://github.com/rust-lang/crates.io-index"
checksum = "367c9c827ed431bff6868b7aa926e05b16eb46603cc8b6e768e4a5553fa1d155"
dependencies = [
 "num-traits",
 "rand",
]

[[package]]
name = "autocfg"
version = "1.5.1"
source = "registry+https://github.com/rust-lang/crates.io-index"
checksum = "f2032f911046de80f0a198e0901378627c33f59ea0ac00e363d481118bd70a53"

[[package]]
name = "block-buffer"
version = "0.10.4"
source = "registry+https://github.com/rust-lang/crates.io-index"
checksum = "3078c7629b62d3f0439517fa394996acacc5cbc91c5a20d8c658e77abd503a71"
dependencies = [
 "generic-array",
]

[[package]]
name = "cfg-if"
version = "1.0.5"
source = "registry+https://github.com/rust-lang/crates.io-index"
checksum = "4e7648175b45a9a48536d676f68d918270699102aa8dab5496df06904c914600"

[[package]]
name = "cpufeatures"
version = "0.2.17"
source = "registry+https://github.com/rust-lang/crates.io-index"
checksum = "59ed5838eebb26a2bb2e58f6d5b5316989ae9d08bab10e0e6d103e656d1b0280"
dependencies = [
 "libc",
]

[[package]]
name = "crypto-common"
version = "0.1.7"
source = "registry+https://github.com/rust-lang/crates.io-index"
checksum = "78c8292055d1c1df0cce5d180393dc8cce0abec0a7102adb6c7b1eef6016d60a"
dependencies = [
 "generic-array",
 "typenum",
]

[[package]]
name = "curve25519-dalek"
version = "4.1.3"
source = "registry+https://github.com/rust-lang/crates.io-index"
checksum = "97fb8b7c4503de7d6ae7b42ab72a5a59857b4c937ec27a3d4539dba95b5ab2be"
dependencies = [
 "cfg-if",
 "cpufeatures",
 "curve25519-dalek-derive",
 "digest",
 "fiat-crypto",
 "rand_core",
 "rustc_version",
 "subtle",
 "zeroize",
]

[[package]]
name = "curve25519-dalek-derive"
version = "0.1.1"
source = "registry+https://github.com/rust-lang/crates.io-index"
checksum = "f46882e17999c6cc590af592290432be3bce0428cb0d5f8b6715e4dc7b383eb3"
dependencies = [
 "proc-macro2",
 "quote",
 "syn 2.0.119",
]

[[package]]
name = "digest"
version = "0.10.7"
source = "registry+https://github.com/rust-lang/crates.io-index"
checksum = "9ed9a281f7bc9b7576e61468ba615a66a5c8cfdff42420a70aa82701a3b1e292"
dependencies = [
 "block-buffer",
 "crypto-common",
]

[[package]]
name = "educe"
version = "0.6.0"
source = "registry+https://github.com/rust-lang/crates.io-index"
checksum = "1d7bc049e1bd8cdeb31b68bbd586a9464ecf9f3944af3958a7a9d0f8b9799417"
dependencies = [
 "enum-ordinalize",
 "proc-macro2",
 "quote",
 "syn 2.0.119",
]

[[package]]
name = "either"
version = "1.18.0"
source = "registry+https://github.com/rust-lang/crates.io-index"
checksum = "252afb9ae5eaa683babdc6a068b3f5726eb19e05070c731f9b2a23a7c3e8ed34"

[[package]]
name = "enum-ordinalize"
version = "4.4.2"
source = "registry+https://github.com/rust-lang/crates.io-index"
checksum = "89dd01549b09589510cf0647475075d12071456586d70f5c75c98ae2a5537677"
dependencies = [
 "enum-ordinalize-derive",
]

[[package]]
name = "enum-ordinalize-derive"
version = "4.4.2"
source = "registry+https://github.com/rust-lang/crates.io-index"
checksum = "a65863d15a4ce2888bd2f0f543cc963d3879c3a022c8ee43f6141d479a3ac815"
dependencies = [
 "proc-macro2",
 "quote",
 "syn 3.0.6",
]

[[package]]
name = "fiat-crypto"
version = "0.2.9"
source = "registry+https://github.com/rust-lang/crates.io-index"
checksum = "28dea519a9695b9977216879a3ebfddf92f1c08c05d984f8996aecd6ecdc811d"

[[package]]
name = "five8"
version = "1.0.0"
source = "registry+https://github.com/rust-lang/crates.io-index"
checksum = "23f76610e969fa1784327ded240f1e28a3fd9520c9cec93b636fcf62dd37f772"
dependencies = [
 "five8_core",
]

[[package]]
name = "five8_const"
version = "1.0.0"
source = "registry+https://github.com/rust-lang/crates.io-index"
checksum = "1a0f1728185f277989ca573a402716ae0beaaea3f76a8ff87ef9dd8fb19436c5"
dependencies = [
 "five8_core",
]

[[package]]
name = "five8_core"
version = "1.0.0"
source = "registry+https://github.com/rust-lang/crates.io-index"
checksum = "059c31d7d36c43fe39d89e55711858b4da8be7eb6dabac23c7289b1a19489406"

[[package]]
name = "fnv"
version = "1.0.7"
source = "registry+https://github.com/rust-lang/crates.io-index"
checksum = "3f9eec918d3f24069decb9af1554cad7c880e2da24a9afd88aca000531ab82c1"

[[package]]
name = "generic-array"
version = "0.14.7"
source = "registry+https://github.com/rust-lang/crates.io-index"
checksum = "85649ca51fd72272d7821adaf274ad91c288277713d9c18820d8499a7ff69e9a"
dependencies = [
 "typenum",
 "version_check",
]

[[package]]
name = "hashbrown"
version = "0.17.1"
source = "registry+https://github.com/rust-lang/crates.io-index"
checksum = "ed5909b6e89a2db4456e54cd5f673791d7eca6732202bbf2a9cc504fe2f9b84a"
dependencies = [
 "allocator-api2",
]

[[package]]
name = "interface"
version = "0.1.0"
dependencies = [
 "solana-address",
]

[[package]]
name = "itertools"
version = "0.14.0"
source = "registry+https://github.com/rust-lang/crates.io-index"
checksum = "2b192c782037fadd9cfa75548310488aabdbf3d2da73885b31bd0abd03351285"
dependencies = [
 "either",
]

[[package]]
name = "libc"
version = "0.2.190"
source = "registry+https://github.com/rust-lang/crates.io-index"
checksum = "ce5d3ddc6d3fa000eb1536d85e147bfe31aacaba692ed6a876f95cb7c855be78"

[[package]]
name = "num-bigint"
version = "0.4.8"
source = "registry+https://github.com/rust-lang/crates.io-index"
checksum = "c89e69e7e0f03bea5ef08013795c25018e101932225a656383bd384495ecc367"
dependencies = [
 "num-integer",
 "num-traits",
]

[[package]]
name = "num-integer"
version = "0.1.47"
source = "registry+https://github.com/rust-lang/crates.io-index"
checksum = "7ce2d95d4b3734dc35aa2f45e1aa22cd416814592a4f9d9205e11affd5b8e10b"
dependencies = [
 "num-traits",
]

[[package]]
name = "num-traits"
version = "0.2.19"
source = "registry+https://github.com/rust-lang/crates.io-index"
checksum = "071dfc062690e90b734c0b2273ce72ad0ffa95f0c74596bc250dcfd960262841"
dependencies = [
 "autocfg",
]

[[package]]
name = "once_cell"
version = "1.21.4"
source = "registry+https://github.com/rust-lang/crates.io-index"
checksum = "9f7c3e4beb33f85d45ae3e3a1792185706c8e16d043238c593331cc7cd313b50"

[[package]]
name = "pinocchio"
version = "0.11.2"
source = "registry+https://github.com/rust-lang/crates.io-index"
checksum = "a6cababcb62a2e739c7078ae16eda02789a6e3edd21bbdded864e85c38a7914d"
dependencies = [
 "solana-account-view",
 "solana-address",
 "solana-define-syscall 5.2.0",
 "solana-instruction-view",
 "solana-program-error",
]

[[package]]
name = "pinocchio-system"
version = "0.6.1"
source = "registry+https://github.com/rust-lang/crates.io-index"
checksum = "f3ae2ee67b42e2ac797dd88312da473c895660e270d8093e0ba2749b885b5778"
dependencies = [
 "pinocchio",
 "solana-address",
]

[[package]]
name = "ppv-lite86"
version = "0.2.21"
source = "registry+https://github.com/rust-lang/crates.io-index"
checksum = "85eae3c4ed2f50dcfe72643da4befc30deadb458a9b590d720cde2f2b1e97da9"
dependencies = [
 "zerocopy",
]

[[package]]
name = "proc-macro2"
version = "1.0.107"
source = "registry+https://github.com/rust-lang/crates.io-index"
checksum = "985e7ec9bb745e6ce6535b544d84d6cd6f7ad8bd711c398938ae983b91a766d9"
dependencies = [
 "unicode-ident",
]

[[package]]
name = "quote"
version = "1.0.47"
source = "registry+https://github.com/rust-lang/crates.io-index"
checksum = "1fbf4db142a473a8d80c26bbf18454ed458bf8d26c8219c331daecfdbd079001"
dependencies = [
 "proc-macro2",
]

[[package]]
name = "rand"
version = "0.8.8"
source = "registry+https://github.com/rust-lang/crates.io-index"
checksum = "e058c7de0b26af77780c769414d6257830bb240f3c38477dbc2c16e5f54d6d4c"
dependencies = [
 "rand_chacha",
 "rand_core",
]

[[package]]
name = "rand_chacha"
version = "0.3.1"
source = "registry+https://github.com/rust-lang/crates.io-index"
checksum = "e6c10a63a0fa32252be49d21e7709d4d4baf8d231c2dbce1eaa8141b9b127d88"
dependencies = [
 "ppv-lite86",
 "rand_core",
]

[[package]]
name = "rand_core"
version = "0.6.4"
source = "registry+https://github.com/rust-lang/crates.io-index"
checksum = "ec0be4795e2f6a28069bec0b5ff3e2ac9bafc99e6a9a7dc3547996c5c816922c"

[[package]]
name = "rustc_version"
version = "0.4.1"
source = "registry+https://github.com/rust-lang/crates.io-index"
checksum = "cfcb3a22ef46e85b45de6ee7e79d063319ebb6594faafcf1c225ea92ab6e9b92"
dependencies = [
 "semver",
]

[[package]]
name = "secret-code-verifier"
version = "0.1.0"
dependencies = [
 "xark-verifier",
]

[[package]]
name = "semver"
version = "1.0.28"
source = "registry+https://github.com/rust-lang/crates.io-index"
checksum = "8a7852d02fc848982e0c167ef163aaff9cd91dc640ba85e263cb1ce46fae51cd"

[[package]]
name = "sha2"
version = "0.10.9"
source = "registry+https://github.com/rust-lang/crates.io-index"
checksum = "a7507d819769d01a365ab707794a4084392c824f54a7a6a7862f8c3d0892b283"
dependencies = [
 "cfg-if",
 "cpufeatures",
 "digest",
]

[[package]]
name = "sha2-const-stable"
version = "0.1.0"
source = "registry+https://github.com/rust-lang/crates.io-index"
checksum = "5f179d4e11094a893b82fff208f74d448a7512f99f5a0acbd5c679b705f83ed9"

[[package]]
name = "solana-account-view"
version = "2.1.0"
source = "registry+https://github.com/rust-lang/crates.io-index"
checksum = "1acd7ff34cf7f09e238921b5aa64d9e517b2e92642c153a5dc15d99c8e25af3d"
dependencies = [
 "solana-address",
 "solana-program-error",
]

[[package]]
name = "solana-address"
version = "2.9.0"
source = "registry+https://github.com/rust-lang/crates.io-index"
checksum = "451294fdd4dde59ae27213695e2333eaaa39035e1f099f68644d2aa3ca0e2edd"
dependencies = [
 "curve25519-dalek",
 "five8",
 "five8_const",
 "sha2-const-stable",
 "solana-define-syscall 5.2.0",
 "solana-program-error",
 "solana-sha256-hasher",
]

[[package]]
name = "solana-define-syscall"
version = "4.0.1"
source = "registry+https://github.com/rust-lang/crates.io-index"
checksum = "57e5b1c0bc1d4a4d10c88a4100499d954c09d3fecfae4912c1a074dff68b1738"

[[package]]
name = "solana-define-syscall"
version = "5.2.0"
source = "registry+https://github.com/rust-lang/crates.io-index"
checksum = "bf8209ece2bd9f1450e672858ffc0e5c8c786ff6916d2a862b126dd0128f380f"

[[package]]
name = "solana-hash"
version = "4.7.0"
source = "registry+https://github.com/rust-lang/crates.io-index"
checksum = "c7507df0d2c6350053d125e3df200976fdc68d2a942637d11ac657fe7220949a"

[[package]]
name = "solana-instruction-view"
version = "2.1.0"
source = "registry+https://github.com/rust-lang/crates.io-index"
checksum = "6ab7a27d0c4214b9f7389c3dd00b68c93093a67f1dcc5b7893aebe299bbcbb47"
dependencies = [
 "solana-account-view",
 "solana-address",
 "solana-define-syscall 5.2.0",
 "solana-program-error",
]

[[package]]
name = "solana-nostd-alt-bn128"
version = "0.1.1"
source = "registry+https://github.com/rust-lang/crates.io-index"
checksum = "b881117c294543b5ab41c6996bc3f122d3796a557589e3486d3e728ac806dc4a"
dependencies = [
 "ark-bn254",
 "ark-ec",
 "ark-ff",
 "ark-serialize",
 "solana-program-error",
]

[[package]]
name = "solana-program-error"
version = "3.0.1"
source = "registry+https://github.com/rust-lang/crates.io-index"
checksum = "4f04fa578707b3612b095f0c8e19b66a1233f7c42ca8082fcb3b745afcc0add6"

[[package]]
name = "solana-sha256-hasher"
version = "3.1.0"
source = "registry+https://github.com/rust-lang/crates.io-index"
checksum = "db7dc3011ea4c0334aaaa7e7128cb390ecf546b28d412e9bf2064680f57f588f"
dependencies = [
 "sha2",
 "solana-define-syscall 4.0.1",
 "solana-hash",
]

[[package]]
name = "subtle"
version = "2.6.1"
source = "registry+https://github.com/rust-lang/crates.io-index"
checksum = "13c2bddecc57b384dee18652358fb23172facb8a2c51ccc10d74c157bdea3292"

[[package]]
name = "syn"
version = "2.0.119"
source = "registry+https://github.com/rust-lang/crates.io-index"
checksum = "872831b642d1a07999a962a351ed35b955ea2cfc8f3862091e2a240a84f17297"
dependencies = [
 "proc-macro2",
 "quote",
 "unicode-ident",
]

[[package]]
name = "syn"
version = "3.0.6"
source = "registry+https://github.com/rust-lang/crates.io-index"
checksum = "8593e8e72159ed2257d083c7a454a85cbf854f37a0966d8d483aff8c8a3ebcee"
dependencies = [
 "proc-macro2",
 "quote",
 "unicode-ident",
]

[[package]]
name = "typenum"
version = "1.20.1"
source = "registry+https://github.com/rust-lang/crates.io-index"
checksum = "b6f5e870be6c3b371b77fe0ee0bafb859fa4964b4404c27de1d380043c4dda20"

[[package]]
name = "unicode-ident"
version = "1.0.26"
source = "registry+https://github.com/rust-lang/crates.io-index"
checksum = "d245f478577f809a851594d02313b640fb437e0bb33866753cff937863096954"

[[package]]
name = "version_check"
version = "0.9.5"
source = "registry+https://github.com/rust-lang/crates.io-index"
checksum = "0b928f33d975fc6ad9f86c8f283853ad26bdd5b10b7f1542aa2fa15e2289105a"

[[package]]
name = "xark-starter-pinocchio"
version = "0.1.0"
dependencies = [
 "interface",
 "pinocchio",
 "pinocchio-system",
 "secret-code-verifier",
 "solana-address",
]

[[package]]
name = "xark-verifier"
version = "0.2.1"
source = "registry+https://github.com/rust-lang/crates.io-index"
checksum = "46fc0eb36f46b463db5bad580d5cb5cd3b80782a75280659f76999331b7ccb2d"
dependencies = [
 "solana-nostd-alt-bn128",
 "solana-program-error",
]

[[package]]
name = "zerocopy"
version = "0.8.59"
source = "registry+https://github.com/rust-lang/crates.io-index"
checksum = "6df92bf3d9227be3d53173901ddbffac2babc27ae50f397776ffd6dc33f800cb"
dependencies = [
 "zerocopy-derive",
]

[[package]]
name = "zerocopy-derive"
version = "0.8.59"
source = "registry+https://github.com/rust-lang/crates.io-index"
checksum = "ac4f328cf2f05d084e496c3e9c3f33ed0a183656a16e1fcec4d464d8373aec82"
dependencies = [
 "proc-macro2",
 "quote",
 "syn 2.0.119",
]

[[package]]
name = "zeroize"
version = "1.9.0"
source = "registry+https://github.com/rust-lang/crates.io-index"
checksum = "e13c156562582aa81c60cb29407084cdb54c4164760106ab78e6c5b0858cf64e"
